{
  "meteor": {},
  "dependencies": {
    "basePackages": {
      "iron-router": {},
      "fs": {}
    },
    "packages": {
      "iron-router": {
        "git": "https://github.com/EventedMind/iron-router.git",
        "tag": "v0.5.4",
        "commit": "3e0e22ff85630b7503d0daa1538c6d90abb84020"
      },
      "fs": {
        "git": "https://github.com/peerlibrary/meteor-fs.git",
        "tag": "v0.1.2",
        "commit": "069d7fcaeb5df000a57238fde2785faf6dc1c37c"
      },
      "assert": {
        "git": "https://github.com/peerlibrary/meteor-assert.git",
        "tag": "v0.2.2",
        "commit": "5f87f665ccd6c74322febaf78fe5a24dbfb7949c"
      },
      "blocking": {
        "git": "https://github.com/peerlibrary/meteor-blocking.git",
        "tag": "v0.4.0",
        "commit": "e25a0be72e771b317b26d2bb5758c983bdcef23c"
      }
    }
  }
}
